// !$*UTF8*$!
{
	archiveVersion = 1;
	classes = {
	};
	objectVersion = 46;
	objects = {

/* Begin PBXBuildFile section */
		324B83A01A40B1AC00ECA251 /* AppDelegate.swift in Sources */ = {isa = PBXBuildFile; fileRef = 324B839F1A40B1AC00ECA251 /* AppDelegate.swift */; };
		324B83A21A40B1AC00ECA251 /* ViewController.swift in Sources */ = {isa = PBXBuildFile; fileRef = 324B83A11A40B1AC00ECA251 /* ViewController.swift */; };
		324B83A51A40B1AC00ECA251 /* Main.storyboard in Resources */ = {isa = PBXBuildFile; fileRef = 324B83A31A40B1AC00ECA251 /* Main.storyboard */; };
		324B83A71A40B1AC00ECA251 /* Images.xcassets in Resources */ = {isa = PBXBuildFile; fileRef = 324B83A61A40B1AC00ECA251 /* Images.xcassets */; };
		324B83AA1A40B1AC00ECA251 /* LaunchScreen.xib in Resources */ = {isa = PBXBuildFile; fileRef = 324B83A81A40B1AC00ECA251 /* LaunchScreen.xib */; };
		324B83B61A40B1AC00ECA251 /* Pitch_PerfectTests.swift in Sources */ = {isa = PBXBuildFile; fileRef = 324B83B51A40B1AC00ECA251 /* Pitch_PerfectTests.swift */; };
/* End PBXBuildFile section */

/* Begin PBXContainerItemProxy section */
		324B83B01A40B1AC00ECA251 /* PBXContainerItemProxy */ = {
			isa = PBXContainerItemProxy;
			containerPortal = 324B83921A40B1AC00ECA251 /* Project object */;
			proxyType = 1;
			remoteGlobalIDString = 324B83991A40B1AC00ECA251;
			remoteInfo = "Pitch Perfect";
		};
/* End PBXContainerItemProxy section */

/* Begin PBXFileReference section */
		324B839A1A40B1AC00ECA251 /* Pitch Perfect.app */ = {isa = PBXFileReference; explicitFileType = wrapper.application; includeInIndex = 0; path = "Pitch Perfect.app"; sourceTree = BUILT_PRODUCTS_DIR; };
		324B839E1A40B1AC00ECA251 /* Info.plist */ = {isa = PBXFileReference; lastKnownFileType = text.plist.xml; path = Info.plist; sourceTree = "<group>"; };
		324B839F1A40B1AC00ECA251 /* AppDelegate.swift */ = {isa = PBXFileReference; lastKnownFileType = sourcecode.swift; path = AppDelegate.swift; sourceTree = "<group>"; };
		324B83A11A40B1AC00ECA251 /* ViewController.swift */ = {isa = PBXFileReference; lastKnownFileType = sourcecode.swift; path = ViewController.swift; sourceTree = "<group>"; };
		324B83A41A40B1AC00ECA251 /* Base */ = {isa = PBXFileReference; lastKnownFileType = file.storyboard; name = Base; path = Base.lproj/Main.storyboard; sourceTree = "<group>"; };
		324B83A61A40B1AC00ECA251 /* Images.xcassets */ = {isa = PBXFileReference; lastKnownFileType = folder.assetcatalog; path = Images.xcassets; sourceTree = "<group>"; };
		324B83A91A40B1AC00ECA251 /* Base */ = {isa = PBXFileReference; lastKnownFileType = file.xib; name = Base; path = Base.lproj/LaunchScreen.xib; sourceTree = "<group>"; };
		324B83AF1A40B1AC00ECA251 /* Pitch PerfectTests.xctest */ = {isa = PBXFileReference; explicitFileType = wrapper.cfbundle; includeInIndex = 0; path = "Pitch PerfectTests.xctest"; sourceTree = BUILT_PRODUCTS_DIR; };
		324B83B41A40B1AC00ECA251 /* Info.plist */ = {isa = PBXFileReference; lastKnownFileType = text.plist.xml; path = Info.plist; sourceTree = "<group>"; };
		324B83B51A40B1AC00ECA251 /* Pitch_PerfectTests.swift */ = {isa = PBXFileReference; lastKnownFileType = sourcecode.swift; path = Pitch_PerfectTests.swift; sourceTree = "<group>"; };
/* End PBXFileReference section */

/* Begin PBXFrameworksBuildPhase section */
		324B83971A40B1AC00ECA251 /* Frameworks */ = {
			isa = PBXFrameworksBuildPhase;
			buildActionMask = 2147483647;
			files = (
			);
			runOnlyForDeploymentPostprocessing = 0;
		};
		324B83AC1A40B1AC00ECA251 /* Frameworks */ = {
			isa = PBXFrameworksBuildPhase;
			buildActionMask = 2147483647;
			files = (
			);
			runOnlyForDeploymentPostprocessing = 0;
		};
/* End PBXFrameworksBuildPhase section */

/* Begin PBXGroup section */
		324B83911A40B1AC00ECA251 = {
			isa = PBXGroup;
			children = (
				324B839C1A40B1AC00ECA251 /* Pitch Perfect */,
				324B83B21A40B1AC00ECA251 /* Pitch PerfectTests */,
				324B839B1A40B1AC00ECA251 /* Products */,
			);
			sourceTree = "<group>";
		};
		324B839B1A40B1AC00ECA251 /* Products */ = {
			isa = PBXGroup;
			children = (
				324B839A1A40B1AC00ECA251 /* Pitch Perfect.app */,
				324B83AF1A40B1AC00ECA251 /* Pitch PerfectTests.xctest */,
			);
			name = Products;
			sourceTree = "<group>";
		};
		324B839C1A40B1AC00ECA251 /* Pitch Perfect */ = {
			isa = PBXGroup;
			children = (
				324B839F1A40B1AC00ECA251 /* AppDelegate.swift */,
				324B83A11A40B1AC00ECA251 /* ViewController.swift */,
				324B83A31A40B1AC00ECA251 /* Main.storyboard */,
				324B83A61A40B1AC00ECA251 /* Images.xcassets */,
				324B83A81A40B1AC00ECA251 /* LaunchScreen.xib */,
				324B839D1A40B1AC00ECA251 /* Supporting Files */,
			);
			path = "Pitch Perfect";
			sourceTree = "<group>";
		};
		324B839D1A40B1AC00ECA251 /* Supporting Files */ = {
			isa = PBXGroup;
			children = (
				324B839E1A40B1AC00ECA251 /* Info.plist */,
			);
			name = "Supporting Files";
			sourceTree = "<group>";
		};
		324B83B21A40B1AC00ECA251 /* Pitch PerfectTests */ = {
			isa = PBXGroup;
			children = (
				324B83B51A40B1AC00ECA251 /* Pitch_PerfectTests.swift */,
				324B83B31A40B1AC00ECA251 /* Supporting Files */,
			);
			path = "Pitch PerfectTests";
			sourceTree = "<group>";
		};
		324B83B31A40B1AC00ECA251 /* Supporting Files */ = {
			isa = PBXGroup;
			children = (
				324B83B41A40B1AC00ECA251 /* Info.plist */,
			);
			name = "Supporting Files";
			sourceTree = "<group>";
		};
/* End PBXGroup section */

/* Begin PBXNativeTarget section */
		324B83991A40B1AC00ECA251 /* Pitch Perfect */ = {
			isa = PBXNativeTarget;
			buildConfigurationList = 324B83B91A40B1AC00ECA251 /* Build configuration list for PBXNativeTarget "Pitch Perfect" */;
			buildPhases = (
				324B83961A40B1AC00ECA251 /* Sources */,
				324B83971A40B1AC00ECA251 /* Frameworks */,
				324B83981A40B1AC00ECA251 /* Resources */,
			);
			buildRules = (
			);
			dependencies = (
			);
			name = "Pitch Perfect";
			productName = "Pitch Perfect";
			productReference = 324B839A1A40B1AC00ECA251 /* Pitch Perfect.app */;
			productType = "com.apple.product-type.application";
		};
		324B83AE1A40B1AC00ECA251 /* Pitch PerfectTests */ = {
			isa = PBXNativeTarget;
			buildConfigurationList = 324B83BC1A40B1AC00ECA251 /* Build configuration list for PBXNativeTarget "Pitch PerfectTests" */;
			buildPhases = (
				324B83AB1A40B1AC00ECA251 /* Sources */,
				324B83AC1A40B1AC00ECA251 /* Frameworks */,
				324B83AD1A40B1AC00ECA251 /* Resources */,
			);
			buildRules = (
			);
			dependencies = (
				324B83B11A40B1AC00ECA251 /* PBXTargetDependency */,
			);
			name = "Pitch PerfectTests";
			productName = "Pitch PerfectTests";
			productReference = 324B83AF1A40B1AC00ECA251 /* Pitch PerfectTests.xctest */;
			productType = "com.apple.product-type.bundle.unit-test";
		};
/* End PBXNativeTarget section */

/* Begin PBXProject section */
		324B83921A40B1AC00ECA251 /* Project object */ = {
			isa = PBXProject;
			attributes = {
				LastUpgradeCheck = 0600;
				ORGANIZATIONNAME = Michelle;
				TargetAttributes = {
					324B83991A40B1AC00ECA251 = {
						CreatedOnToolsVersion = 6.0.1;
					};
					324B83AE1A40B1AC00ECA251 = {
						CreatedOnToolsVersion = 6.0.1;
						TestTargetID = 324B83991A40B1AC00ECA251;
					};
				};
			};
			buildConfigurationList = 324B83951A40B1AC00ECA251 /* Build configuration list for PBXProject "Pitch Perfect" */;
			compatibilityVersion = "Xcode 3.2";
			developmentRegion = English;
			hasScannedForEncodings = 0;
			knownRegions = (
				en,
				Base,
			);
			mainGroup = 324B83911A40B1AC00ECA251;
			productRefGroup = 324B839B1A40B1AC00ECA251 /* Products */;
			projectDirPath = "";
			projectRoot = "";
			targets = (
				324B83991A40B1AC00ECA251 /* Pitch Perfect */,
				324B83AE1A40B1AC00ECA251 /* Pitch PerfectTests */,
			);
		};
/* End PBXProject section */

/* Begin PBXResourcesBuildPhase section */
		324B83981A40B1AC00ECA251 /* Resources */ = {
			isa = PBXResourcesBuildPhase;
			buildActionMask = 2147483647;
			files = (
				324B83A51A40B1AC00ECA251 /* Main.storyboard in Resources */,
				324B83AA1A40B1AC00ECA251 /* LaunchScreen.xib in Resources */,
				324B83A71A40B1AC00ECA251 /* Images.xcassets in Resources */,
			);
			runOnlyForDeploymentPostprocessing = 0;
		};
		324B83AD1A40B1AC00ECA251 /* Resources */ = {
			isa = PBXResourcesBuildPhase;
			buildActionMask = 2147483647;
			files = (
			);
			runOnlyForDeploymentPostprocessing = 0;
		};
/* End PBXResourcesBuildPhase section */

/* Begin PBXSourcesBuildPhase section */
		324B83961A40B1AC00ECA251 /* Sources */ = {
			isa = PBXSourcesBuildPhase;
			buildActionMask = 2147483647;
			files = (
				324B83A21A40B1AC00ECA251 /* ViewController.swift in Sources */,
				324B83A01A40B1AC00ECA251 /* AppDelegate.swift in Sources */,
			);
			runOnlyForDeploymentPostprocessing = 0;
		};
		324B83AB1A40B1AC00ECA251 /* Sources */ = {
			isa = PBXSourcesBuildPhase;
			buildActionMask = 2147483647;
			files = (
				324B83B61A40B1AC00ECA251 /* Pitch_PerfectTests.swift in Sources */,
			);
			runOnlyForDeploymentPostprocessing = 0;
		};
/* End PBXSourcesBuildPhase section */

/* Begin PBXTargetDependency section */
		324B83B11A40B1AC00ECA251 /* PBXTargetDependency */ = {
			isa = PBXTargetDependency;
			target = 324B83991A40B1AC00ECA251 /* Pitch Perfect */;
			targetProxy = 324B83B01A40B1AC00ECA251 /* PBXContainerItemProxy */;
		};
/* End PBXTargetDependency section */

/* Begin PBXVariantGroup section */
		324B83A31A40B1AC00ECA251 /* Main.storyboard */ = {
			isa = PBXVariantGroup;
			children = (
				324B83A41A40B1AC00ECA251 /* Base */,
			);
			name = Main.storyboard;
			sourceTree = "<group>";
		};
		324B83A81A40B1AC00ECA251 /* LaunchScreen.xib */ = {
			isa = PBXVariantGroup;
			children = (
				324B83A91A40B1AC00ECA251 /* Base */,
			);
			name = LaunchScreen.xib;
			sourceTree = "<group>";
		};
/* End PBXVariantGroup section */

/* Begin XCBuildConfiguration section */
		324B83B71A40B1AC00ECA251 /* Debug */ = {
			isa = XCBuildConfiguration;
			buildSettings = {
				ALWAYS_SEARCH_USER_PATHS = NO;
				CLANG_CXX_LANGUAGE_STANDARD = "gnu++0x";
				CLANG_CXX_LIBRARY = "libc++";
				CLANG_ENABLE_MODULES = YES;
				CLANG_ENABLE_OBJC_ARC = YES;
				CLANG_WARN_BOOL_CONVERSION = YES;
				CLANG_WARN_CONSTANT_CONVERSION = YES;
				CLANG_WARN_DIRECT_OBJC_ISA_USAGE = YES_ERROR;
				CLANG_WARN_EMPTY_BODY = YES;
				CLANG_WARN_ENUM_CONVERSION = YES;
				CLANG_WARN_INT_CONVERSION = YES;
				CLANG_WARN_OBJC_ROOT_CLASS = YES_ERROR;
				CLANG_WARN_UNREACHABLE_CODE = YES;
				CLANG_WARN__DUPLICATE_METHOD_MATCH = YES;
				"CODE_SIGN_IDENTITY[sdk=iphoneos*]" = "iPhone Developer";
				COPY_PHASE_STRIP = NO;
				ENABLE_STRICT_OBJC_MSGSEND = YES;
				GCC_C_LANGUAGE_STANDARD = gnu99;
				GCC_DYNAMIC_NO_PIC = NO;
				GCC_OPTIMIZATION_LEVEL = 0;
				GCC_PREPROCESSOR_DEFINITIONS = (
					"DEBUG=1",
					"$(inherited)",
				);
				GCC_SYMBOLS_PRIVATE_EXTERN = NO;
				GCC_WARN_64_TO_32_BIT_CONVERSION = YES;
				GCC_WARN_ABOUT_RETURN_TYPE = YES_ERROR;
				GCC_WARN_UNDECLARED_SELECTOR = YES;
				GCC_WARN_UNINITIALIZED_AUTOS = YES_AGGRESSIVE;
				GCC_WARN_UNUSED_FUNCTION = YES;
				GCC_WARN_UNUSED_VARIABLE = YES;
				IPHONEOS_DEPLOYMENT_TARGET = 8.0;
				MTL_ENABLE_DEBUG_INFO = YES;
				ONLY_ACTIVE_ARCH = YES;
				SDKROOT = iphoneos;
				SWIFT_OPTIMIZATION_LEVEL = "-Onone";
			};
			name = Debug;
		};
		324B83B81A40B1AC00ECA251 /* Release */ = {
			isa = XCBuildConfiguration;
			buildSettings = {
				ALWAYS_SEARCH_USER_PATHS = NO;
				CLANG_CXX_LANGUAGE_STANDARD = "gnu++0x";
				CLANG_CXX_LIBRARY = "libc++";
				CLANG_ENABLE_MODULES = YES;
				CLANG_ENABLE_OBJC_ARC = YES;
				CLANG_WARN_BOOL_CONVERSION = YES;
				CLANG_WARN_CONSTANT_CONVERSION = YES;
				CLANG_WARN_DIRECT_OBJC_ISA_USAGE = YES_ERROR;
				CLANG_WARN_EMPTY_BODY = YES;
				CLANG_WARN_ENUM_CONVERSION = YES;
				CLANG_WARN_INT_CONVERSION = YES;
				CLANG_WARN_OBJC_ROOT_CLASS = YES_ERROR;
				CLANG_WARN_UNREACHABLE_CODE = YES;
				CLANG_WARN__DUPLICATE_METHOD_MATCH = YES;
				"CODE_SIGN_IDENTITY[sdk=iphoneos*]" = "iPhone Developer";
				COPY_PHASE_STRIP = YES;
				ENABLE_NS_ASSERTIONS = NO;
				ENABLE_STRICT_OBJC_MSGSEND = YES;
				GCC_C_LANGUAGE_STANDARD = gnu99;
				GCC_WARN_64_TO_32_BIT_CONVERSION = YES;
				GCC_WARN_ABOUT_RETURN_TYPE = YES_ERROR;
				GCC_WARN_UNDECLARED_SELECTOR = YES;
				GCC_WARN_UNINITIALIZED_AUTOS = YES_AGGRESSIVE;
				GCC_WARN_UNUSED_FUNCTION = YES;
				GCC_WARN_UNUSED_VARIABLE = YES;
				IPHONEOS_DEPLOYMENT_TARGET = 8.0;
				MTL_ENABLE_DEBUG_INFO = NO;
				SDKROOT = iphoneos;
				VALIDATE_PRODUCT = YES;
			};
			name = Release;
		};
		324B83BA1A40B1AC00ECA251 /* Debug */ = {
			isa = XCBuildConfiguration;
			buildSettings = {
				ASSETCATALOG_COMPILER_APPICON_NAME = AppIcon;
				INFOPLIST_FILE = "Pitch Perfect/Info.plist";
				LD_RUNPATH_SEARCH_PATHS = "$(inherited) @executable_path/Frameworks";
				PRODUCT_NAME = "$(TARGET_NAME)";
			};
			name = Debug;
		};
		324B83BB1A40B1AC00ECA251 /* Release */ = {
			isa = XCBuildConfiguration;
			buildSettings = {
				ASSETCATALOG_COMPILER_APPICON_NAME = AppIcon;
				INFOPLIST_FILE = "Pitch Perfect/Info.plist";
				LD_RUNPATH_SEARCH_PATHS = "$(inherited) @executable_path/Frameworks";
				PRODUCT_NAME = "$(TARGET_NAME)";
			};
			name = Release;
		};
		324B83BD1A40B1AC00ECA251 /* Debug */ = {
			isa = XCBuildConfiguration;
			buildSettings = {
				BUNDLE_LOADER = "$(TEST_HOST)";
				FRAMEWORK_SEARCH_PATHS = (
					"$(SDKROOT)/Developer/Library/Frameworks",
					"$(inherited)",
				);
				GCC_PREPROCESSOR_DEFINITIONS = (
					"DEBUG=1",
					"$(inherited)",
				);
				INFOPLIST_FILE = "Pitch PerfectTests/Info.plist";
				LD_RUNPATH_SEARCH_PATHS = "$(inherited) @executable_path/Frameworks @loader_path/Frameworks";
				PRODUCT_NAME = "$(TARGET_NAME)";
				TEST_HOST = "$(BUILT_PRODUCTS_DIR)/Pitch Perfect.app/Pitch Perfect";
			};
			name = Debug;
		};
		324B83BE1A40B1AC00ECA251 /* Release */ = {
			isa = XCBuildConfiguration;
			buildSettings = {
				BUNDLE_LOADER = "$(TEST_HOST)";
				FRAMEWORK_SEARCH_PATHS = (
					"$(SDKROOT)/Developer/Library/Frameworks",
					"$(inherited)",
				);
				INFOPLIST_FILE = "Pitch PerfectTests/Info.plist";
				LD_RUNPATH_SEARCH_PATHS = "$(inherited) @executable_path/Frameworks @loader_path/Frameworks";
				PRODUCT_NAME = "$(TARGET_NAME)";
				TEST_HOST = "$(BUILT_PRODUCTS_DIR)/Pitch Perfect.app/Pitch Perfect";
			};
			name = Release;
		};
/* End XCBuildConfiguration section */

/* Begin XCConfigurationList section */
		324B83951A40B1AC00ECA251 /* Build configuration list for PBXProject "Pitch Perfect" */ = {
			isa = XCConfigurationList;
			buildConfigurations = (
				324B83B71A40B1AC00ECA251 /* Debug */,
				324B83B81A40B1AC00ECA251 /* Release */,
			);
			defaultConfigurationIsVisible = 0;
			defaultConfigurationName = Release;
		};
		324B83B91A40B1AC00ECA251 /* Build configuration list for PBXNativeTarget "Pitch Perfect" */ = {
			isa = XCConfigurationList;
			buildConfigurations = (
				324B83BA1A40B1AC00ECA251 /* Debug */,
				324B83BB1A40B1AC00ECA251 /* Release */,
			);
			defaultConfigurationIsVisible = 0;
		};
		324B83BC1A40B1AC00ECA251 /* Build configuration list for PBXNativeTarget "Pitch PerfectTests" */ = {
			isa = XCConfigurationList;
			buildConfigurations = (
				324B83BD1A40B1AC00ECA251 /* Debug */,
				324B83BE1A40B1AC00ECA251 /* Release */,
			);
			defaultConfigurationIsVisible = 0;
		};
/* End XCConfigurationList section */
	};
	rootObject = 324B83921A40B1AC00ECA251 /* Project object */;
}
